# THIS IS AN AUTOGENERATED FILE. DO NOT EDIT THIS FILE DIRECTLY.
# yarn lockfile v1


rx-helper@^1.0.1:
  version "1.0.1"
  resolved "https://registry.yarnpkg.com/rx-helper/-/rx-helper-1.0.1.tgz#26d63a8de3790f69f49b3d909a8e27553df5042c"
  integrity sha512-GF04M2Hib7eyT6KEOuKCe1tYOBZf8CLaX/ru6k6VL2YvdHJGTo9IEoMwps/3fMr9a6QKF66lYvR5eed/y82HjA==
